
Microsoft Visual Studio Solution File, Format Version 12.00
# Visual Studio Version 16
VisualStudioVersion = 16.0.30804.86
MinimumVisualStudioVersion = 10.0.40219.1
Project("{9A19103F-16F7-4668-BE54-9A1E7A4F7556}") = "Sample", "Sample\Sample.csproj", "{20C57E19-F3A2-4211-B788-0610E16747D5}"
EndProject
Project("{9A19103F-16F7-4668-BE54-9A1E7A4F7556}") = "GeneratR", "GeneratR\GeneratR.csproj", "{A7FFCEE5-668C-454A-BBE5-36B680D8920D}"
EndProject
Global
	GlobalSection(SolutionConfigurationPlatforms) = preSolution
		Debug|Any CPU = Debug|Any CPU
		Release|Any CPU = Release|Any CPU
	EndGlobalSection
	GlobalSection(ProjectConfigurationPlatforms) = postSolution
		{20C57E19-F3A2-4211-B788-0610E16747D5}.Debug|Any CPU.ActiveCfg = Debug|Any CPU
		{20C57E19-F3A2-4211-B788-0610E16747D5}.Debug|Any CPU.Build.0 = Debug|Any CPU
		{20C57E19-F3A2-4211-B788-0610E16747D5}.Release|Any CPU.ActiveCfg = Release|Any CPU
		{20C57E19-F3A2-4211-B788-0610E16747D5}.Release|Any CPU.Build.0 = Release|Any CPU
		{A7FFCEE5-668C-454A-BBE5-36B680D8920D}.Debug|Any CPU.ActiveCfg = Debug|Any CPU
		{A7FFCEE5-668C-454A-BBE5-36B680D8920D}.Debug|Any CPU.Build.0 = Debug|Any CPU
		{A7FFCEE5-668C-454A-BBE5-36B680D8920D}.Release|Any CPU.ActiveCfg = Release|Any CPU
		{A7FFCEE5-668C-454A-BBE5-36B680D8920D}.Release|Any CPU.Build.0 = Release|Any CPU
	EndGlobalSection
	GlobalSection(SolutionProperties) = preSolution
		HideSolutionNode = FALSE
	EndGlobalSection
	GlobalSection(ExtensibilityGlobals) = postSolution
		SolutionGuid = {235E3138-B107-4BE4-84FE-8F7FD20B16ED}
	EndGlobalSection
EndGlobal
